
Microsoft Visual Studio Solution File, Format Version 12.00
# Visual Studio Version 17
VisualStudioVersion = 17.2.32526.322
MinimumVisualStudioVersion = 10.0.40219.1
Project("{FAE04EC0-301F-11D3-BF4B-00C04F79EFBC}") = "TechnicalSupportService", "TechnicalSupportService\TechnicalSupportService.csproj", "{56A85411-094D-4304-92CF-5E711803C7E1}"
EndProject
Project("{FAE04EC0-301F-11D3-BF4B-00C04F79EFBC}") = "DataAccessLayer", "DataAccessLayer\DataAccessLayer.csproj", "{494085B6-F54F-4CBE-AC45-E46C19D129B7}"
EndProject
Project("{FAE04EC0-301F-11D3-BF4B-00C04F79EFBC}") = "BusinessLayer", "BusinessLayer\BusinessLayer.csproj", "{EC5AE678-6325-4295-BA4D-F957E53B79F3}"
EndProject
Global
	GlobalSection(SolutionConfigurationPlatforms) = preSolution
		Debug|Any CPU = Debug|Any CPU
		Release|Any CPU = Release|Any CPU
	EndGlobalSection
	GlobalSection(ProjectConfigurationPlatforms) = postSolution
		{56A85411-094D-4304-92CF-5E711803C7E1}.Debug|Any CPU.ActiveCfg = Debug|Any CPU
		{56A85411-094D-4304-92CF-5E711803C7E1}.Debug|Any CPU.Build.0 = Debug|Any CPU
		{56A85411-094D-4304-92CF-5E711803C7E1}.Release|Any CPU.ActiveCfg = Release|Any CPU
		{56A85411-094D-4304-92CF-5E711803C7E1}.Release|Any CPU.Build.0 = Release|Any CPU
		{494085B6-F54F-4CBE-AC45-E46C19D129B7}.Debug|Any CPU.ActiveCfg = Debug|Any CPU
		{494085B6-F54F-4CBE-AC45-E46C19D129B7}.Debug|Any CPU.Build.0 = Debug|Any CPU
		{494085B6-F54F-4CBE-AC45-E46C19D129B7}.Release|Any CPU.ActiveCfg = Release|Any CPU
		{494085B6-F54F-4CBE-AC45-E46C19D129B7}.Release|Any CPU.Build.0 = Release|Any CPU
		{EC5AE678-6325-4295-BA4D-F957E53B79F3}.Debug|Any CPU.ActiveCfg = Debug|Any CPU
		{EC5AE678-6325-4295-BA4D-F957E53B79F3}.Debug|Any CPU.Build.0 = Debug|Any CPU
		{EC5AE678-6325-4295-BA4D-F957E53B79F3}.Release|Any CPU.ActiveCfg = Release|Any CPU
		{EC5AE678-6325-4295-BA4D-F957E53B79F3}.Release|Any CPU.Build.0 = Release|Any CPU
	EndGlobalSection
	GlobalSection(SolutionProperties) = preSolution
		HideSolutionNode = FALSE
	EndGlobalSection
	GlobalSection(ExtensibilityGlobals) = postSolution
		SolutionGuid = {6C40264E-39C7-42AD-9797-8D5E7E13C023}
	EndGlobalSection
EndGlobal
